github.com/astaxie/goredis v0.0.0-20160824151742-1f1c6e6fc3a8 h1:XN8UQV0Zro09FeYjkwEdGTmP+QFXfc95EDXKRxhOUAs=
github.com/astaxie/goredis v0.0.0-20160824151742-1f1c6e6fc3a8/go.mod h1:i0oI4E/DxCwoJG6iblWnjgLaTrbSEOtUxLtcZA6i7ac=
github.com/astaxie/session v0.0.0-20130408050157-95d7fe18579c h1:FcFM+gBQ9Os0GEs3OOk9bmq3sHj8VkiRYHIpiLFfZSI=
github.com/astaxie/session v0.0.0-20130408050157-95d7fe18579c/go.mod h1:0t1M8SLguRDiNomJJpdjSW2cifFnPTIX0HNL9MyMC78=
